# Last Updated: 2025-08-29
numpy==2.2.6 \
 --hash=sha256:ba10f8411898fc418a521833e014a77d3ca01c15b0c6cdcce6a0d2897e6dbbdf \
 --hash=sha256:e8213002e427c69c45a52bbd94163084025f533a55a59d6f9c5b820774ef3303 \
 --hash=sha256:3d70692235e759f260c3d837193090014aebdf026dfd167834bcba43e30c2a42
scipy==1.16.1 \
 --hash=sha256:adccd93a2fa937a27aae826d33e3bfa5edf9aa672376a4852d23a7cd67a2e5b7 \
 --hash=sha256:226652fca853008119c03a8ce71ffe1b3f6d2844cc1686e8f9806edafae68596 \
 --hash=sha256:0a55ffe0ba0f59666e90951971a884d1ff6f4ec3275a48f472cfb64175570f77
matplotlib==3.10.5 \
 --hash=sha256:080c3676a56b8ee1c762bcf8fca3fe709daa1ee23e6ef06ad9f3fc17332f2d2a \
 --hash=sha256:33775bbeb75528555a15ac29396940128ef5613cf9a2d31fb1bfd18b3c0c0903 \
 --hash=sha256:903352681b59f3efbf4546985142a9686ea1d616bb054b09a537a06e4b892ccf
pandas==2.3.2 --hash=sha256:1d81573b3f7db40d020983f78721e9bfc425f411e616ef019a10ebf597aedb2e
sympy==1.14.0 --hash=sha256:d3d3fe8df1e5a0b42f0e7bdf50541697dbe7d23746e894990c030e2b05e72517
jsonschema==4.25.1 --hash=sha256:e4a9655ce0da0c0b67a085847e00a3a51449e1157f4f75e9fb5aa545e122eb85
camb==1.6.2 --hash=sha256:05bf5c46fab225e3a107121ed2de533cb4c84219fa6d7d39447d9330b56b3fc1
PyYAML==6.0.2 --hash=sha256:d584d9ec91ad65861cc08d42e834324ef890a082e591037abe114850ff7bbc3e
astropy==7.1.0 --hash=sha256:c8f254322295b1b8cf24303d6f155bf7efdb6c1282882b966ce3040eff8c53c5
psutil==7.0.0 --hash=sha256:7be9c3eba38beccb6495ea33afd982a44074b78f28c434a1f51cc07fd315c456
setuptools-scm==9.2.0 --hash=sha256:6662c9b9497b6c9bf13bead9d7a9084756f68238302c5ed089fb4dbd29d102d7
emcee==3.1.5 --hash=sha256:3b7a3c6ff7bf2d04d10705ef648f31e8ac3d8edbab986269af15a90611538b06
xarray==2025.8.0 --hash=sha256:1c454f32b38c93df68e450238c9473fe21248b8572d42ddd58c5170bb30934ee
xarray-einstats==0.9.1 --hash=sha256:777339524e85d066f2ef9ed1e3a3fb63aead4c1065fd1406f30dfa4de58ce063
packaging==25.0 \\
 --hash=sha256:29572ef2b1f17581046b3a2227d5c611fb25ec70ca1ba8554b24b0e69331a484 \\
 --hash=sha256:d443872c98d677bf60f6a1f2f8c1cb748e8fe762d2bf9d3148b5599295b0fc4f
h5netcdf==1.6.4 --hash=sha256:e0018e6a918f2bef2a4aa7b470a952b8a0b5d16a5893d59bea56524cc6207fcf
h5py==3.14.0 --hash=sha256:723a40ee6505bd354bfd26385f2dae7bbfa87655f4e61bab175a49d72ebfc06b
arviz @ https://github.com/arviz-devs/arviz/archive/01c8b9454349247eed2145a27b03f9231acb412f.tar.gz#sha256=90422f7370cf47a38342e96ecad5b627a26ad4da7cfb6222a6d6c46cfb273177
