#
# This file is autogenerated by pip-compile
# by the following command:
#
#    pip-compile --allow-unsafe --strip-extras --output-file=requirements.lock requirements.in
#
arviz==0.16.1
    # via -r requirements.in
astropy==6.0.0
    # via -r requirements.in
astropy-iers-data==0.2024.10.28.0.34.7
    # via
    #   -r requirements.in
    #   astropy
attrs==23.2.0
    # via
    #   -r requirements.in
    #   jsonschema
    #   referencing
camb==1.6.3
    # via -r requirements.in
colorama==0.4.6
    # via -r requirements.in
contourpy==1.2.0
    # via
    #   -r requirements.in
    #   matplotlib
cycler==0.12.1
    # via matplotlib
emcee==3.1.4
    # via -r requirements.in
fonttools==4.51.0
    # via
    #   -r requirements.in
    #   matplotlib
h5netcdf==1.3.0
    # via
    #   -r requirements.in
    #   arviz
h5py==3.10.0
    # via
    #   -r requirements.in
    #   h5netcdf
iniconfig==2.3.0
    # via pytest
jsonschema==4.21.1
    # via -r requirements.in
jsonschema-specifications==2023.12.1
    # via
    #   -r requirements.in
    #   jsonschema
kiwisolver==1.4.5
    # via
    #   -r requirements.in
    #   matplotlib
matplotlib==3.8.2
    # via
    #   -r requirements.in
    #   arviz
mpmath==1.3.0
    # via sympy
numpy==1.26.4
    # via
    #   -r requirements.in
    #   arviz
    #   astropy
    #   camb
    #   contourpy
    #   emcee
    #   h5py
    #   matplotlib
    #   pandas
    #   pyerfa
    #   scipy
    #   xarray
    #   xarray-einstats
packaging==24.2
    # via
    #   -r requirements.in
    #   arviz
    #   astropy
    #   camb
    #   h5netcdf
    #   matplotlib
    #   pytest
    #   setuptools-scm
    #   xarray
pandas==2.2.1
    # via
    #   -r requirements.in
    #   arviz
    #   xarray
pillow==10.3.0
    # via
    #   -r requirements.in
    #   matplotlib
pluggy==1.5.0
    # via
    #   -r requirements.in
    #   pytest
psutil==5.9.8
    # via -r requirements.in
pyerfa==2.0.1.1
    # via
    #   -r requirements.in
    #   astropy
pyparsing==3.1.1
    # via
    #   -r requirements.in
    #   matplotlib
pytest==8.2.2
    # via -r requirements.in
python-dateutil==2.9.0.post0
    # via
    #   -r requirements.in
    #   matplotlib
    #   pandas
pytz==2024.1
    # via
    #   -r requirements.in
    #   pandas
pyyaml==6.0.1
    # via
    #   -r requirements.in
    #   astropy
referencing==0.34.0
    # via
    #   -r requirements.in
    #   jsonschema
    #   jsonschema-specifications
rpds-py==0.18.0
    # via
    #   -r requirements.in
    #   jsonschema
    #   referencing
scipy==1.12.0
    # via
    #   -r requirements.in
    #   arviz
    #   camb
    #   xarray-einstats
setuptools-scm==8.0.4
    # via -r requirements.in
six==1.16.0
    # via
    #   -r requirements.in
    #   python-dateutil
sympy==1.13.0
    # via
    #   -r requirements.in
    #   camb
tqdm==4.66.5
    # via -r requirements.in
typing-extensions==4.10.0
    # via
    #   -r requirements.in
    #   arviz
    #   setuptools-scm
tzdata==2024.1
    # via
    #   -r requirements.in
    #   pandas
wheel==0.43.0
    # via -r requirements.in
xarray==2023.12.0
    # via
    #   -r requirements.in
    #   arviz
    #   xarray-einstats
xarray-einstats==0.6.0
    # via
    #   -r requirements.in
    #   arviz

# The following packages are considered to be unsafe in a requirements file:
setuptools==69.5.1
    # via
    #   -r requirements.in
    #   arviz
    #   setuptools-scm
