# Last Updated: 2025-08-28
numpy==2.2.6 \
    --hash=sha256:f9f1adb22318e121c5c69a09142811a201ef17ab257a1e66ca3025065b7f53ae \
    --hash=sha256:b64d8d4d17135e00c8e346e0a738deb17e754230d7e0810ac5012750bbd85a5a \
    --hash=sha256:ba10f8411898fc418a521833e014a77d3ca01c15b0c6cdcce6a0d2897e6dbbdf \
    --hash=sha256:e8213002e427c69c45a52bbd94163084025f533a55a59d6f9c5b820774ef3303 \
    --hash=sha256:f2618db89be1b4e05f7a1a847a9c1c0abd63e63a1607d892dd54668dd92faf87 \
    --hash=sha256:fd83c01228a688733f1ded5201c678f0c53ecc1006ffbc404db9f7a899ac6249 \
    --hash=sha256:c1f9540be57940698ed329904db803cf7a402f3fc200bfe599334c9bd84a40b2
scipy==1.16.1 \
    --hash=sha256:6e5c2f74e5df33479b5cd4e97a9104c511518fbd979aa9b8f6aec18b2e9ecae7 \
    --hash=sha256:cb18899127278058bcc09e7b9966d41a5a43740b5bb8dcba401bd983f82e885b \
    --hash=sha256:adccd93a2fa937a27aae826d33e3bfa5edf9aa672376a4852d23a7cd67a2e5b7 \
    --hash=sha256:226652fca853008119c03a8ce71ffe1b3f6d2844cc1686e8f9806edafae68596 \
    --hash=sha256:886cc81fdb4c6903a3bb0464047c25a6d1016fef77bb97949817d0c0d79f9e04 \
    --hash=sha256:6c62eea7f607f122069b9bad3f99489ddca1a5173bef8a0c75555d7488b6f725 \
    --hash=sha256:f965bbf3235b01c776115ab18f092a95aa74c271a52577bcb0563e85738fd618 \
    --hash=sha256:f7b8013c6c066609577d910d1a2a077021727af07b6fab0ee22c2f901f22352a
matplotlib==3.10.5 --hash=sha256:352ed6ccfb7998a00881692f38b4ca083c691d3e275b4145423704c34c909076
pandas==2.3.2 --hash=sha256:ab7b58f8f82706890924ccdfb5f48002b83d2b5a3845976a9fb705d36c34dcdb
sympy==1.14.0 --hash=sha256:d3d3fe8df1e5a0b42f0e7bdf50541697dbe7d23746e894990c030e2b05e72517
jsonschema==4.25.1 --hash=sha256:e4a9655ce0da0c0b67a085847e00a3a51449e1157f4f75e9fb5aa545e122eb85
camb==1.6.2 --hash=sha256:05bf5c46fab225e3a107121ed2de533cb4c84219fa6d7d39447d9330b56b3fc1
PyYAML==6.0.2 --hash=sha256:d584d9ec91ad65861cc08d42e834324ef890a082e591037abe114850ff7bbc3e
astropy==7.1.0 --hash=sha256:c8f254322295b1b8cf24303d6f155bf7efdb6c1282882b966ce3040eff8c53c5
psutil==7.0.0 --hash=sha256:7be9c3eba38beccb6495ea33afd982a44074b78f28c434a1f51cc07fd315c456
setuptools-scm==9.2.0 --hash=sha256:6662c9b9497b6c9bf13bead9d7a9084756f68238302c5ed089fb4dbd29d102d7
emcee==3.1.5 --hash=sha256:3b7a3c6ff7bf2d04d10705ef648f31e8ac3d8edbab986269af15a90611538b06
xarray==2025.8.0 --hash=sha256:1c454f32b38c93df68e450238c9473fe21248b8572d42ddd58c5170bb30934ee
arviz @ https://github.com/arviz-devs/arviz/archive/01c8b9454349247eed2145a27b03f9231acb412f.tar.gz#sha256=90422f7370cf47a38342e96ecad5b627a26ad4da7cfb6222a6d6c46cfb273177
