# This file is autogenerated by DevCovenant dependency-management.

arviz==0.16.1 \
    --hash=sha256:872d1d685719f81a31f94c25278cbaef314df7f6cad0671935f26a006182b8d4
    # via -r pyproject.toml

astropy==6.0.0 \
    --hash=sha256:0b90a2424a9de69f202111851e336743c22875b21381687e47de62331c2fd642 \
    --hash=sha256:1fbc219fbf6c3d064b84442883ba8d7d8a41489fbdd506ac60d715807b5958c6 \
    --hash=sha256:4fa9f6115a8c8bf901ea66ba69b32b63acd5ccb2afc017b952326bce4250d1a8 \
    --hash=sha256:af67850f0476e04e78a1e5d96b767cd7f484c15fa9e684fed7f7c1277883bfbe \
    --hash=sha256:6264acac941d98e2dc50a8b05b466497943972b3640a2de2e744e78a7ae51b4d
    # via -r pyproject.toml

astropy-iers-data==0.2026.5.18.1.11.28 \
    --hash=sha256:02775200423294f67a27c1a2243a35877ef101d8df7a51fe2bfd01b63864426d
    # via -r pyproject.toml

attrs==26.1.0 \
    --hash=sha256:c647aa4a12dfbad9333ca4e71fe62ddc36f4e63b2d260a37a8b83d2f043ac309
    # via -r pyproject.toml

camb==1.6.0 \
    --hash=sha256:e2c2e2e44e19f33345a55789704eb419148208cbac7253808e9bac09768fd8ac \
    --hash=sha256:3601adea550b2f627d67652b6b1125a5459bd9a62b5191cee901f2acfc8049ad \
    --hash=sha256:e3d3ae89a29ebe379bd87a56e953d2feff7cbc0dce5e8eece813b287ee0c1924
    # via -r pyproject.toml

contourpy==1.3.2 ; (sys_platform == "linux" and python_version == "3.11") or (sys_platform == "linux" and python_version == "3.12") \
    --hash=sha256:3859783aefa2b8355697f16642695a5b9792e7a46ab86da1118a4a23a51a33d7 \
    --hash=sha256:f26b383144cf2d2c29f01a1e8170f50dacf0eac02d64139dcd709a8ac4eb3cfe
    # via -r pyproject.toml

contourpy==1.3.3 ; (sys_platform == "win32" and python_version == "3.11") or (sys_platform == "win32" and python_version == "3.12") \
    --hash=sha256:3519428f6be58431c56581f1694ba8e50626f2dd550af225f82fb5f5814d2a42 \
    --hash=sha256:8153b8bfc11e1e4d75bcb0bff1db232f9e10b274e0929de9d608027e0d34ff8b
    # via -r pyproject.toml

contourpy==1.3.3 ; sys_platform == "darwin" and platform_machine == "x86_64" and python_version == "3.11" \
    --hash=sha256:709a48ef9a690e1343202916450bc48b9e51c049b089c7f79a267b46cffcdaa1
    # via -r pyproject.toml

contourpy==1.3.3 ; sys_platform == "darwin" and platform_machine == "arm64" and python_version == "3.11" \
    --hash=sha256:23416f38bfd74d5d28ab8429cc4d63fa67d5068bd711a85edb1c3fb0c3e2f381
    # via -r pyproject.toml

cycler==0.12.1 \
    --hash=sha256:85cef7cff222d8644161529808465972e51340599459b8ac3ccbac5a854e0d30
    # via -r pyproject.toml

emcee==3.1.4 \
    --hash=sha256:13d216a96b4f60661839d5f6ec482eda9e86b499502cda2bf6d8cc839ccf3e59
    # via -r pyproject.toml

fonttools==4.63.0 \
    --hash=sha256:063e08bd17bd5a90127a14123de0d6a952dbc847695fd98b63c043d58057f90c \
    --hash=sha256:58dc6bb86a78d782f00f9190ca02c119cf5bbe2807536e361e18d42019f877d8 \
    --hash=sha256:59ac449f8cca9b4ffa08d2e7bbadad87ce710d69d1eda5c3c1ce579baa987272 \
    --hash=sha256:79cdc9f567aec74a72918fd060283911406750cbc9fd28c1316023deb6ce31a9 \
    --hash=sha256:d76ac49f929aecaf82d83250b8347e099d7aecba0f4726c1d9b6df3b8bb5fe18
    # via -r pyproject.toml

h5netcdf==1.3.0 \
    --hash=sha256:f2df69dcd3665dc9c4d43eb6529dedd113b2508090d12ac973573305a8406465
    # via -r pyproject.toml

h5py==3.10.0 \
    --hash=sha256:2c8e4fda19eb769e9a678592e67eaec3a2f069f7570c82d2da909c077aa94339 \
    --hash=sha256:6c013d2e79c00f28ffd0cc24e68665ea03ae9069e167087b2adb5727d2736a52 \
    --hash=sha256:2381e98af081b6df7f6db300cd88f88e740649d77736e4b53db522d8874bf2dc \
    --hash=sha256:92273ce69ae4983dadb898fd4d3bea5eb90820df953b401282ee69ad648df684 \
    --hash=sha256:ba9ab36be991119a3ff32d0c7cbe5faf9b8d2375b5278b2aea64effbeba66039
    # via -r pyproject.toml

jsonschema==4.21.1 \
    --hash=sha256:7996507afae316306f9e2290407761157c6f78002dcf7419acb99822143d1c6f
    # via -r pyproject.toml

jsonschema-specifications==2025.9.1 \
    --hash=sha256:98802fee3a11ee76ecaca44429fda8a41bff98b00a0f2838151b113f210cc6fe
    # via -r pyproject.toml

kiwisolver==1.5.0 \
    --hash=sha256:2517e24d7315eb51c10664cdb865195df38ab74456c677df67bb47f12d088a27 \
    --hash=sha256:bb5136fb5352d3f422df33f0c879a1b0c204004324150cc3b5e3c4f310c9049f \
    --hash=sha256:beb7f344487cdcb9e1efe4b7a29681b74d34c08f0043a327a74da852a6749e7b \
    --hash=sha256:3c4923e404d6bcd91b6779c009542e5647fef32e4a5d75e115e3bbac6f2335eb \
    --hash=sha256:f18c2d9782259a6dc132fdc7a63c168cbc74b35284b6d75c673958982a378384
    # via -r pyproject.toml

matplotlib==3.8.2 \
    --hash=sha256:0f4fc5d72b75e2c18e55eb32292659cf731d9d5b312a6eb036506304f4675630 \
    --hash=sha256:3773002da767f0a9323ba1a9b9b5d00d6257dbd2a93107233167cfb581f64717 \
    --hash=sha256:d86593ccf546223eb75a39b44c32788e6f6440d13cfc4750c1c15d0fcb850b63 \
    --hash=sha256:5ba9cbd8ac6cf422f3102622b20f8552d601bf8837e49a3afed188d560152788 \
    --hash=sha256:d7b1704a530395aaf73912be741c04d181f82ca78084fbd80bc737be04848331
    # via -r pyproject.toml

mpmath==1.3.0 \
    --hash=sha256:a0b2b9fe80bbcd81a6647ff13108738cfb482d481d826cc0e02f5b35e5c88d2c
    # via -r pyproject.toml

numpy==1.26.4 \
    --hash=sha256:08beddf13648eb95f8d867350f6a018a4be2e5ad54c8d8caed89ebca558b2818 \
    --hash=sha256:666dbfb6ec68962c033a450943ded891bed2d54e6755e35e5835d63f4f6931d5 \
    --hash=sha256:675d61ffbfa78604709862923189bad94014bef562cc35cf61d3a07bba02a7ed \
    --hash=sha256:4c66707fabe114439db9068ee468c26bbdf909cac0fb58686a42a24de1760c71 \
    --hash=sha256:cd25bcecc4974d09257ffcd1f098ee778f7834c3ad767fe5db785be9a4aa9cb2
    # via -r pyproject.toml

packaging==26.2 \
    --hash=sha256:5fc45236b9446107ff2415ce77c807cee2862cb6fac22b8a73826d0693b0980e
    # via -r pyproject.toml

pandas==2.2.1 \
    --hash=sha256:06cf591dbaefb6da9de8472535b185cba556d0ce2e6ed28e21d919704fef1a9e \
    --hash=sha256:101d0eb9c5361aa0146f500773395a03839a5e6ecde4d4b6ced88b7e5a1a6403 \
    --hash=sha256:4acf681325ee1c7f950d058b05a820441075b0dd9a2adf5c4835b9bc056bf4fb \
    --hash=sha256:f821213d48f4ab353d20ebc24e4faf94ba40d76680642fb7ce2ea31a3ad94f9b \
    --hash=sha256:c391f594aae2fd9f679d419e9a4d5ba4bce5bb13f6a989195656e7dc4b95c8f0
    # via -r pyproject.toml

pillow==12.2.0 \
    --hash=sha256:6e6b2a0c538fc200b38ff9eb6628228b77908c319a005815f2dde585a0664b60 \
    --hash=sha256:7f84204dee22a783350679a0333981df803dac21a0190d706a50475e361c93f5 \
    --hash=sha256:8bd7903a5f2a4545f6fd5935c90058b89d30045568985a71c79f5fd6edf9b91e \
    --hash=sha256:8be29e59487a79f173507c30ddf57e733a357f67881430449bb32614075a40ab \
    --hash=sha256:b86024e52a1b269467a802258c25521e6d742349d760728092e1bc2d135b4d76
    # via -r pyproject.toml

psutil==5.9.8 \
    --hash=sha256:8db4c1b57507eef143a15a6884ca10f7c73876cdf5d51e713151c1236a0e68cf \
    --hash=sha256:aee678c8720623dc456fa20659af736241f575d79429a0e5e9cf88ae0605cc81 \
    --hash=sha256:d06016f7f8625a1825ba3732081d77c94589dca78b7a3fc072194851e88461a4
    # via -r pyproject.toml

pyerfa==2.0.1.5 \
    --hash=sha256:0e43c7194e3242083f2350b46c09fd4bf8ba1bcc0ebd1460b98fc47fe2389906 \
    --hash=sha256:b282d7c60c4c47cf629c484c17ac504fcb04abd7b3f4dfcf53ee042afc3a5944 \
    --hash=sha256:66292d437dcf75925b694977aa06eb697126e7b86553e620371ed3e48b5e0ad0
    # via -r pyproject.toml

pyparsing==3.3.2 \
    --hash=sha256:850ba148bd908d7e2411587e247a1e4f0327839c40e2e5e6d05a007ecc69911d
    # via -r pyproject.toml

python-dateutil==2.9.0.post0 \
    --hash=sha256:a8b2bc7bffae282281c8140a97d3aa9c14da0b136dfe83f850eea9a5f7470427
    # via -r pyproject.toml

pytz==2026.2 \
    --hash=sha256:04156e608bee23d3792fd45c94ae47fae1036688e75032eea2e3bf0323d1f126
    # via -r pyproject.toml

PyYAML==6.0.3 \
    --hash=sha256:5fcd34e47f6e0b794d17de1b4ff496c00986e1c83f7ab2fb8fcfe9616ff7477b \
    --hash=sha256:9f3bfb4965eb874431221a3ff3fdcddc7e74e3b07799e0e84ca4a0f867d449bf \
    --hash=sha256:b8bb0864c5a28024fac8a632c443c87c5aa6f215c0b126c449ae1a150412f31d \
    --hash=sha256:ba1cc08a7ccde2d2ec775841541641e4548226580ab850948cbfda66a1befcdc
    # via -r pyproject.toml

referencing==0.37.0 \
    --hash=sha256:381329a9f99628c9069361716891d34ad94af76e461dcb0335825aecc7692231
    # via -r pyproject.toml

rpds-py==0.30.0 \
    --hash=sha256:33f559f3104504506a44bb666b93a33f5d33133765b0c216a5bf2f1e1503af89 \
    --hash=sha256:47f236970bccb2233267d89173d3ad2703cd36a0e2a6e92d0560d333871a3d23 \
    --hash=sha256:a090322ca841abd453d43456ac34db46e8b05fd9b3b4ac0c78bcde8b089f959b \
    --hash=sha256:a2bffea6a4ca9f01b3f8e548302470306689684e61602aa3d141e34da06cf425 \
    --hash=sha256:a51033ff701fca756439d641c0ad09a41d9242fa69121c7d8769604a0a629825
    # via -r pyproject.toml

scipy==1.12.0 \
    --hash=sha256:8b8066bce124ee5531d12a74b617d9ac0ea59245246410e19bca549656d9a40a \
    --hash=sha256:a24024d45ce9a675c1fb8494e8e5244efea1c7a09c60beb1eeb80373d0fecc70 \
    --hash=sha256:a7ebda398f86e56178c2fa94cad15bf457a218a54a35c2a7b4490b9f9cb2676c \
    --hash=sha256:408c68423f9de16cb9e602528be4ce0d6312b05001f3de61fe9ec8b1263cad08 \
    --hash=sha256:e646d8571804a304e1da01040d21577685ce8e2db08ac58e543eaca063453e1c
    # via -r pyproject.toml

semver==3.0.4 \
    --hash=sha256:9c824d87ba7f7ab4a1890799cec8596f15c1241cb473404ea1cb0c55e4b04746
    # via -r pyproject.toml

setuptools==82.0.1 \
    --hash=sha256:a59e362652f08dcd477c78bb6e7bd9d80a7995bc73ce773050228a348ce2e5bb
    # via -r pyproject.toml

six==1.17.0 \
    --hash=sha256:4721f391ed90541fddacab5acf947aa0d3dc7d27b2e1e8eda2be8970586c3274
    # via -r pyproject.toml

sympy==1.13.0 \
    --hash=sha256:6b0b32a4673fb91bd3cac3b55406c8e01d53ae22780be467301cc452f6680c92
    # via -r pyproject.toml

typing_extensions==4.10.0 \
    --hash=sha256:69b1a937c3a517342112fb4c6df7e72fc39a38e7891a5730ed4985b5214b5475
    # via -r pyproject.toml

tzdata==2026.2 \
    --hash=sha256:bbe9af844f658da81a5f95019480da3a89415801f6cc966806612cc7169bffe7
    # via -r pyproject.toml

xarray==2023.12.0 \
    --hash=sha256:3c22b6824681762b6c3fcad86dfd18960a617bccbc7f456ce21b43a20e455fb9
    # via -r pyproject.toml

xarray-einstats==0.6.0 \
    --hash=sha256:4c6f556a9d8603245545cb88583c04398b10a70c572936a2f48678330545883a
    # via -r pyproject.toml
